{
  "name": "openui5-parallax",
  "version": "0.1.3",
  "lockfileVersion": 1,
  "requires": true,
  "dependencies": {
    "@openui5/sap.f": {
      "version": "1.56.2",
      "resolved": "https://registry.npmjs.org/@openui5/sap.f/-/sap.f-1.56.2.tgz",
      "integrity": "sha512-F7OdLQtru01GVSd72l5Cqoew7+DToBUhNJO3Zn6VCBJ0xwZSx7ooMraNOz2J/6ZHKKAHUVYGCs9wRXSev+UesA==",
      "requires": {
        "@openui5/sap.m": "1.56.2",
        "@openui5/sap.ui.core": "1.56.2"
      }
    },
    "@openui5/sap.m": {
      "version": "1.56.2",
      "resolved": "https://registry.npmjs.org/@openui5/sap.m/-/sap.m-1.56.2.tgz",
      "integrity": "sha512-FWMzKS/BPOCfin7LqzouFR6lIRARKJB3goK/++q34Y7UI8JRuuM9EqanTMqE/JyVN/ILEUfL5G11o1M6rD335Q==",
      "requires": {
        "@openui5/sap.ui.core": "1.56.2",
        "@openui5/sap.ui.unified": "1.56.2"
      }
    },
    "@openui5/sap.ui.core": {
      "version": "1.56.2",
      "resolved": "https://registry.npmjs.org/@openui5/sap.ui.core/-/sap.ui.core-1.56.2.tgz",
      "integrity": "sha512-NklupaWohs+2rTPW+gQz++exXG6OfzCdzNrU2uEHXoSBWZ/1cY4k3dhmVzBAoO7GALZSjFkhauLXDW+gi9O+Ew=="
    },
    "@openui5/sap.ui.layout": {
      "version": "1.56.2",
      "resolved": "https://registry.npmjs.org/@openui5/sap.ui.layout/-/sap.ui.layout-1.56.2.tgz",
      "integrity": "sha512-EKOKTvBSsYihgci1u+4LbOeth+nD1skycpB11KZHovd3MF0GqTBeX8RG4gmjGfnz3UKft85wWRpewc3xECEtRw==",
      "requires": {
        "@openui5/sap.ui.core": "1.56.2"
      }
    },
    "@openui5/sap.ui.unified": {
      "version": "1.56.2",
      "resolved": "https://registry.npmjs.org/@openui5/sap.ui.unified/-/sap.ui.unified-1.56.2.tgz",
      "integrity": "sha512-v+0BzIVk+O3bfCBFqIhsr6fw6pvkbD/WcAIFVZmXA9n2tiQhALLJ8egvGHOnHsDniiMllGa5tyP2tD3xl0dR8g==",
      "requires": {
        "@openui5/sap.ui.core": "1.56.2"
      }
    },
    "@openui5/themelib_sap_belize": {
      "version": "1.56.2",
      "resolved": "https://registry.npmjs.org/@openui5/themelib_sap_belize/-/themelib_sap_belize-1.56.2.tgz",
      "integrity": "sha512-qdKAHn6WkFRS4e0/a6uGWI5lkWLdxkobOI/u7CFrZbSN04rc67BbU2bDMud95Yaf42nrGMhCbsF4NOkftBfcWg=="
    },
    "fs-extra": {
      "version": "3.0.1",
      "resolved": "https://registry.npmjs.org/fs-extra/-/fs-extra-3.0.1.tgz",
      "integrity": "sha1-N5TzeMWLNC6n27sjCVEJxLO2IpE=",
      "dev": true,
      "requires": {
        "graceful-fs": "^4.1.2",
        "jsonfile": "^3.0.0",
        "universalify": "^0.1.0"
      }
    },
    "graceful-fs": {
      "version": "4.1.11",
      "resolved": "https://registry.npmjs.org/graceful-fs/-/graceful-fs-4.1.11.tgz",
      "integrity": "sha1-Dovf5NHduIVNZOBOp8AOKgJuVlg=",
      "dev": true
    },
    "jsonfile": {
      "version": "3.0.1",
      "resolved": "https://registry.npmjs.org/jsonfile/-/jsonfile-3.0.1.tgz",
      "integrity": "sha1-pezG9l9T9mLEQVx2daAzHQmS7GY=",
      "dev": true,
      "requires": {
        "graceful-fs": "^4.1.6"
      }
    },
    "object-assign": {
      "version": "4.1.1",
      "resolved": "https://registry.npmjs.org/object-assign/-/object-assign-4.1.1.tgz",
      "integrity": "sha1-IQmtx5ZYh8/AXLvUQsrIv7s2CGM="
    },
    "parallax-js": {
      "version": "3.1.0",
      "resolved": "https://registry.npmjs.org/parallax-js/-/parallax-js-3.1.0.tgz",
      "integrity": "sha512-UONoPKSQykeNvFcemDPxYYDU/T89LSffoaZAwOMhDp0ABhmFPwthgn2GrfB7An9Qo+8nPZIuQeZsh2pWn1qN3A==",
      "requires": {
        "object-assign": "^4.1.1",
        "raf": "^3.3.0"
      }
    },
    "performance-now": {
      "version": "2.1.0",
      "resolved": "https://registry.npmjs.org/performance-now/-/performance-now-2.1.0.tgz",
      "integrity": "sha1-Ywn04OX6kT7BxpMHrjZLSzd8nns="
    },
    "raf": {
      "version": "3.4.0",
      "resolved": "https://registry.npmjs.org/raf/-/raf-3.4.0.tgz",
      "integrity": "sha512-pDP/NMRAXoTfrhCfyfSEwJAKLaxBU9eApMeBPB1TkDouZmvPerIClV8lTAd+uF8ZiTaVl69e1FCxQrAd/VTjGw==",
      "requires": {
        "performance-now": "^2.1.0"
      }
    },
    "ui5lab-browser": {
      "version": "0.1.13",
      "resolved": "https://registry.npmjs.org/ui5lab-browser/-/ui5lab-browser-0.1.13.tgz",
      "integrity": "sha512-b1YAtz6Dwed9HcUvBucy9UfzCrWUZZEWWQ/EQViPb8vMcDXj2M+q1B1/3SkOr02RrxnPEZ9Z1s30JNdZOZ9DOw==",
      "dev": true
    },
    "universalify": {
      "version": "0.1.1",
      "resolved": "https://registry.npmjs.org/universalify/-/universalify-0.1.1.tgz",
      "integrity": "sha1-+nG63UQ3r0wUiEHjs7Fl+enlkLc=",
      "dev": true
    }
  }
}
